// !$*UTF8*$!
{
	archiveVersion = 1;
	classes = {
	};
	objectVersion = 56;
	objects = {

/* Begin PBXBuildFile section */
		9EC0C62E2907B4BA00CFD3EF /* NextPageViewController.swift in Sources */ = {isa = PBXBuildFile; fileRef = 9EC0C62D2907B4BA00CFD3EF /* NextPageViewController.swift */; };
		9EDD451C29040C7A00F484F2 /* AppDelegate.swift in Sources */ = {isa = PBXBuildFile; fileRef = 9EDD451B29040C7A00F484F2 /* AppDelegate.swift */; };
		9EDD451E29040C7A00F484F2 /* SceneDelegate.swift in Sources */ = {isa = PBXBuildFile; fileRef = 9EDD451D29040C7A00F484F2 /* SceneDelegate.swift */; };
		9EDD452029040C7A00F484F2 /* ViewController.swift in Sources */ = {isa = PBXBuildFile; fileRef = 9EDD451F29040C7A00F484F2 /* ViewController.swift */; };
		9EDD452329040C7A00F484F2 /* Main.storyboard in Resources */ = {isa = PBXBuildFile; fileRef = 9EDD452129040C7A00F484F2 /* Main.storyboard */; };
		9EDD452529040C7C00F484F2 /* Assets.xcassets in Resources */ = {isa = PBXBuildFile; fileRef = 9EDD452429040C7C00F484F2 /* Assets.xcassets */; };
		9EDD452829040C7C00F484F2 /* LaunchScreen.storyboard in Resources */ = {isa = PBXBuildFile; fileRef = 9EDD452629040C7C00F484F2 /* LaunchScreen.storyboard */; };
		9EDD453329040C7D00F484F2 /* FaceLockTests.swift in Sources */ = {isa = PBXBuildFile; fileRef = 9EDD453229040C7D00F484F2 /* FaceLockTests.swift */; };
		9EDD453D29040C7D00F484F2 /* FaceLockUITests.swift in Sources */ = {isa = PBXBuildFile; fileRef = 9EDD453C29040C7D00F484F2 /* FaceLockUITests.swift */; };
		9EDD453F29040C7D00F484F2 /* FaceLockUITestsLaunchTests.swift in Sources */ = {isa = PBXBuildFile; fileRef = 9EDD453E29040C7D00F484F2 /* FaceLockUITestsLaunchTests.swift */; };
		9EDD454E29040D5900F484F2 /* LocalAuthentication.framework in Frameworks */ = {isa = PBXBuildFile; fileRef = 9EDD454C29040D5000F484F2 /* LocalAuthentication.framework */; };
/* End PBXBuildFile section */

/* Begin PBXContainerItemProxy section */
		9EDD452F29040C7D00F484F2 /* PBXContainerItemProxy */ = {
			isa = PBXContainerItemProxy;
			containerPortal = 9EDD451029040C7A00F484F2 /* Project object */;
			proxyType = 1;
			remoteGlobalIDString = 9EDD451729040C7A00F484F2;
			remoteInfo = FaceLock;
		};
		9EDD453929040C7D00F484F2 /* PBXContainerItemProxy */ = {
			isa = PBXContainerItemProxy;
			containerPortal = 9EDD451029040C7A00F484F2 /* Project object */;
			proxyType = 1;
			remoteGlobalIDString = 9EDD451729040C7A00F484F2;
			remoteInfo = FaceLock;
		};
/* End PBXContainerItemProxy section */

/* Begin PBXFileReference section */
		9EC0C62D2907B4BA00CFD3EF /* NextPageViewController.swift */ = {isa = PBXFileReference; lastKnownFileType = sourcecode.swift; path = NextPageViewController.swift; sourceTree = "<group>"; };
		9EDD451829040C7A00F484F2 /* FaceLock.app */ = {isa = PBXFileReference; explicitFileType = wrapper.application; includeInIndex = 0; path = FaceLock.app; sourceTree = BUILT_PRODUCTS_DIR; };
		9EDD451B29040C7A00F484F2 /* AppDelegate.swift */ = {isa = PBXFileReference; lastKnownFileType = sourcecode.swift; path = AppDelegate.swift; sourceTree = "<group>"; };
		9EDD451D29040C7A00F484F2 /* SceneDelegate.swift */ = {isa = PBXFileReference; lastKnownFileType = sourcecode.swift; path = SceneDelegate.swift; sourceTree = "<group>"; };
		9EDD451F29040C7A00F484F2 /* ViewController.swift */ = {isa = PBXFileReference; lastKnownFileType = sourcecode.swift; path = ViewController.swift; sourceTree = "<group>"; };
		9EDD452229040C7A00F484F2 /* Base */ = {isa = PBXFileReference; lastKnownFileType = file.storyboard; name = Base; path = Base.lproj/Main.storyboard; sourceTree = "<group>"; };
		9EDD452429040C7C00F484F2 /* Assets.xcassets */ = {isa = PBXFileReference; lastKnownFileType = folder.assetcatalog; path = Assets.xcassets; sourceTree = "<group>"; };
		9EDD452729040C7C00F484F2 /* Base */ = {isa = PBXFileReference; lastKnownFileType = file.storyboard; name = Base; path = Base.lproj/LaunchScreen.storyboard; sourceTree = "<group>"; };
		9EDD452929040C7C00F484F2 /* Info.plist */ = {isa = PBXFileReference; lastKnownFileType = text.plist.xml; path = Info.plist; sourceTree = "<group>"; };
		9EDD452E29040C7D00F484F2 /* FaceLockTests.xctest */ = {isa = PBXFileReference; explicitFileType = wrapper.cfbundle; includeInIndex = 0; path = FaceLockTests.xctest; sourceTree = BUILT_PRODUCTS_DIR; };
		9EDD453229040C7D00F484F2 /* FaceLockTests.swift */ = {isa = PBXFileReference; lastKnownFileType = sourcecode.swift; path = FaceLockTests.swift; sourceTree = "<group>"; };
		9EDD453829040C7D00F484F2 /* FaceLockUITests.xctest */ = {isa = PBXFileReference; explicitFileType = wrapper.cfbundle; includeInIndex = 0; path = FaceLockUITests.xctest; sourceTree = BUILT_PRODUCTS_DIR; };
		9EDD453C29040C7D00F484F2 /* FaceLockUITests.swift */ = {isa = PBXFileReference; lastKnownFileType = sourcecode.swift; path = FaceLockUITests.swift; sourceTree = "<group>"; };
		9EDD453E29040C7D00F484F2 /* FaceLockUITestsLaunchTests.swift */ = {isa = PBXFileReference; lastKnownFileType = sourcecode.swift; path = FaceLockUITestsLaunchTests.swift; sourceTree = "<group>"; };
		9EDD454C29040D5000F484F2 /* LocalAuthentication.framework */ = {isa = PBXFileReference; lastKnownFileType = wrapper.framework; name = LocalAuthentication.framework; path = System/Library/Frameworks/LocalAuthentication.framework; sourceTree = SDKROOT; };
/* End PBXFileReference section */

/* Begin PBXFrameworksBuildPhase section */
		9EDD451529040C7A00F484F2 /* Frameworks */ = {
			isa = PBXFrameworksBuildPhase;
			buildActionMask = 2147483647;
			files = (
				9EDD454E29040D5900F484F2 /* LocalAuthentication.framework in Frameworks */,
			);
			runOnlyForDeploymentPostprocessing = 0;
		};
		9EDD452B29040C7D00F484F2 /* Frameworks */ = {
			isa = PBXFrameworksBuildPhase;
			buildActionMask = 2147483647;
			files = (
			);
			runOnlyForDeploymentPostprocessing = 0;
		};
		9EDD453529040C7D00F484F2 /* Frameworks */ = {
			isa = PBXFrameworksBuildPhase;
			buildActionMask = 2147483647;
			files = (
			);
			runOnlyForDeploymentPostprocessing = 0;
		};
/* End PBXFrameworksBuildPhase section */

/* Begin PBXGroup section */
		9EDD450F29040C7A00F484F2 = {
			isa = PBXGroup;
			children = (
				9EDD451A29040C7A00F484F2 /* FaceLock */,
				9EDD453129040C7D00F484F2 /* FaceLockTests */,
				9EDD453B29040C7D00F484F2 /* FaceLockUITests */,
				9EDD451929040C7A00F484F2 /* Products */,
				9EDD454B29040D4F00F484F2 /* Frameworks */,
			);
			sourceTree = "<group>";
		};
		9EDD451929040C7A00F484F2 /* Products */ = {
			isa = PBXGroup;
			children = (
				9EDD451829040C7A00F484F2 /* FaceLock.app */,
				9EDD452E29040C7D00F484F2 /* FaceLockTests.xctest */,
				9EDD453829040C7D00F484F2 /* FaceLockUITests.xctest */,
			);
			name = Products;
			sourceTree = "<group>";
		};
		9EDD451A29040C7A00F484F2 /* FaceLock */ = {
			isa = PBXGroup;
			children = (
				9EDD451B29040C7A00F484F2 /* AppDelegate.swift */,
				9EDD451D29040C7A00F484F2 /* SceneDelegate.swift */,
				9EDD451F29040C7A00F484F2 /* ViewController.swift */,
				9EC0C62D2907B4BA00CFD3EF /* NextPageViewController.swift */,
				9EDD452129040C7A00F484F2 /* Main.storyboard */,
				9EDD452429040C7C00F484F2 /* Assets.xcassets */,
				9EDD452629040C7C00F484F2 /* LaunchScreen.storyboard */,
				9EDD452929040C7C00F484F2 /* Info.plist */,
			);
			path = FaceLock;
			sourceTree = "<group>";
		};
		9EDD453129040C7D00F484F2 /* FaceLockTests */ = {
			isa = PBXGroup;
			children = (
				9EDD453229040C7D00F484F2 /* FaceLockTests.swift */,
			);
			path = FaceLockTests;
			sourceTree = "<group>";
		};
		9EDD453B29040C7D00F484F2 /* FaceLockUITests */ = {
			isa = PBXGroup;
			children = (
				9EDD453C29040C7D00F484F2 /* FaceLockUITests.swift */,
				9EDD453E29040C7D00F484F2 /* FaceLockUITestsLaunchTests.swift */,
			);
			path = FaceLockUITests;
			sourceTree = "<group>";
		};
		9EDD454B29040D4F00F484F2 /* Frameworks */ = {
			isa = PBXGroup;
			children = (
				9EDD454C29040D5000F484F2 /* LocalAuthentication.framework */,
			);
			name = Frameworks;
			sourceTree = "<group>";
		};
/* End PBXGroup section */

/* Begin PBXNativeTarget section */
		9EDD451729040C7A00F484F2 /* FaceLock */ = {
			isa = PBXNativeTarget;
			buildConfigurationList = 9EDD454229040C7D00F484F2 /* Build configuration list for PBXNativeTarget "FaceLock" */;
			buildPhases = (
				9EDD451429040C7A00F484F2 /* Sources */,
				9EDD451529040C7A00F484F2 /* Frameworks */,
				9EDD451629040C7A00F484F2 /* Resources */,
			);
			buildRules = (
			);
			dependencies = (
			);
			name = FaceLock;
			productName = FaceLock;
			productReference = 9EDD451829040C7A00F484F2 /* FaceLock.app */;
			productType = "com.apple.product-type.application";
		};
		9EDD452D29040C7D00F484F2 /* FaceLockTests */ = {
			isa = PBXNativeTarget;
			buildConfigurationList = 9EDD454529040C7D00F484F2 /* Build configuration list for PBXNativeTarget "FaceLockTests" */;
			buildPhases = (
				9EDD452A29040C7D00F484F2 /* Sources */,
				9EDD452B29040C7D00F484F2 /* Frameworks */,
				9EDD452C29040C7D00F484F2 /* Resources */,
			);
			buildRules = (
			);
			dependencies = (
				9EDD453029040C7D00F484F2 /* PBXTargetDependency */,
			);
			name = FaceLockTests;
			productName = FaceLockTests;
			productReference = 9EDD452E29040C7D00F484F2 /* FaceLockTests.xctest */;
			productType = "com.apple.product-type.bundle.unit-test";
		};
		9EDD453729040C7D00F484F2 /* FaceLockUITests */ = {
			isa = PBXNativeTarget;
			buildConfigurationList = 9EDD454829040C7D00F484F2 /* Build configuration list for PBXNativeTarget "FaceLockUITests" */;
			buildPhases = (
				9EDD453429040C7D00F484F2 /* Sources */,
				9EDD453529040C7D00F484F2 /* Frameworks */,
				9EDD453629040C7D00F484F2 /* Resources */,
			);
			buildRules = (
			);
			dependencies = (
				9EDD453A29040C7D00F484F2 /* PBXTargetDependency */,
			);
			name = FaceLockUITests;
			productName = FaceLockUITests;
			productReference = 9EDD453829040C7D00F484F2 /* FaceLockUITests.xctest */;
			productType = "com.apple.product-type.bundle.ui-testing";
		};
/* End PBXNativeTarget section */

/* Begin PBXProject section */
		9EDD451029040C7A00F484F2 /* Project object */ = {
			isa = PBXProject;
			attributes = {
				BuildIndependentTargetsInParallel = 1;
				LastSwiftUpdateCheck = 1400;
				LastUpgradeCheck = 1400;
				TargetAttributes = {
					9EDD451729040C7A00F484F2 = {
						CreatedOnToolsVersion = 14.0.1;
					};
					9EDD452D29040C7D00F484F2 = {
						CreatedOnToolsVersion = 14.0.1;
						TestTargetID = 9EDD451729040C7A00F484F2;
					};
					9EDD453729040C7D00F484F2 = {
						CreatedOnToolsVersion = 14.0.1;
						TestTargetID = 9EDD451729040C7A00F484F2;
					};
				};
			};
			buildConfigurationList = 9EDD451329040C7A00F484F2 /* Build configuration list for PBXProject "FaceLock" */;
			compatibilityVersion = "Xcode 14.0";
			developmentRegion = en;
			hasScannedForEncodings = 0;
			knownRegions = (
				en,
				Base,
			);
			mainGroup = 9EDD450F29040C7A00F484F2;
			productRefGroup = 9EDD451929040C7A00F484F2 /* Products */;
			projectDirPath = "";
			projectRoot = "";
			targets = (
				9EDD451729040C7A00F484F2 /* FaceLock */,
				9EDD452D29040C7D00F484F2 /* FaceLockTests */,
				9EDD453729040C7D00F484F2 /* FaceLockUITests */,
			);
		};
/* End PBXProject section */

/* Begin PBXResourcesBuildPhase section */
		9EDD451629040C7A00F484F2 /* Resources */ = {
			isa = PBXResourcesBuildPhase;
			buildActionMask = 2147483647;
			files = (
				9EDD452829040C7C00F484F2 /* LaunchScreen.storyboard in Resources */,
				9EDD452529040C7C00F484F2 /* Assets.xcassets in Resources */,
				9EDD452329040C7A00F484F2 /* Main.storyboard in Resources */,
			);
			runOnlyForDeploymentPostprocessing = 0;
		};
		9EDD452C29040C7D00F484F2 /* Resources */ = {
			isa = PBXResourcesBuildPhase;
			buildActionMask = 2147483647;
			files = (
			);
			runOnlyForDeploymentPostprocessing = 0;
		};
		9EDD453629040C7D00F484F2 /* Resources */ = {
			isa = PBXResourcesBuildPhase;
			buildActionMask = 2147483647;
			files = (
			);
			runOnlyForDeploymentPostprocessing = 0;
		};
/* End PBXResourcesBuildPhase section */

/* Begin PBXSourcesBuildPhase section */
		9EDD451429040C7A00F484F2 /* Sources */ = {
			isa = PBXSourcesBuildPhase;
			buildActionMask = 2147483647;
			files = (
				9EDD452029040C7A00F484F2 /* ViewController.swift in Sources */,
				9EDD451C29040C7A00F484F2 /* AppDelegate.swift in Sources */,
				9EC0C62E2907B4BA00CFD3EF /* NextPageViewController.swift in Sources */,
				9EDD451E29040C7A00F484F2 /* SceneDelegate.swift in Sources */,
			);
			runOnlyForDeploymentPostprocessing = 0;
		};
		9EDD452A29040C7D00F484F2 /* Sources */ = {
			isa = PBXSourcesBuildPhase;
			buildActionMask = 2147483647;
			files = (
				9EDD453329040C7D00F484F2 /* FaceLockTests.swift in Sources */,
			);
			runOnlyForDeploymentPostprocessing = 0;
		};
		9EDD453429040C7D00F484F2 /* Sources */ = {
			isa = PBXSourcesBuildPhase;
			buildActionMask = 2147483647;
			files = (
				9EDD453F29040C7D00F484F2 /* FaceLockUITestsLaunchTests.swift in Sources */,
				9EDD453D29040C7D00F484F2 /* FaceLockUITests.swift in Sources */,
			);
			runOnlyForDeploymentPostprocessing = 0;
		};
/* End PBXSourcesBuildPhase section */

/* Begin PBXTargetDependency section */
		9EDD453029040C7D00F484F2 /* PBXTargetDependency */ = {
			isa = PBXTargetDependency;
			target = 9EDD451729040C7A00F484F2 /* FaceLock */;
			targetProxy = 9EDD452F29040C7D00F484F2 /* PBXContainerItemProxy */;
		};
		9EDD453A29040C7D00F484F2 /* PBXTargetDependency */ = {
			isa = PBXTargetDependency;
			target = 9EDD451729040C7A00F484F2 /* FaceLock */;
			targetProxy = 9EDD453929040C7D00F484F2 /* PBXContainerItemProxy */;
		};
/* End PBXTargetDependency section */

/* Begin PBXVariantGroup section */
		9EDD452129040C7A00F484F2 /* Main.storyboard */ = {
			isa = PBXVariantGroup;
			children = (
				9EDD452229040C7A00F484F2 /* Base */,
			);
			name = Main.storyboard;
			sourceTree = "<group>";
		};
		9EDD452629040C7C00F484F2 /* LaunchScreen.storyboard */ = {
			isa = PBXVariantGroup;
			children = (
				9EDD452729040C7C00F484F2 /* Base */,
			);
			name = LaunchScreen.storyboard;
			sourceTree = "<group>";
		};
/* End PBXVariantGroup section */

/* Begin XCBuildConfiguration section */
		9EDD454029040C7D00F484F2 /* Debug */ = {
			isa = XCBuildConfiguration;
			buildSettings = {
				ALWAYS_SEARCH_USER_PATHS = NO;
				CLANG_ANALYZER_NONNULL = YES;
				CLANG_ANALYZER_NUMBER_OBJECT_CONVERSION = YES_AGGRESSIVE;
				CLANG_CXX_LANGUAGE_STANDARD = "gnu++20";
				CLANG_ENABLE_MODULES = YES;
				CLANG_ENABLE_OBJC_ARC = YES;
				CLANG_ENABLE_OBJC_WEAK = YES;
				CLANG_WARN_BLOCK_CAPTURE_AUTORELEASING = YES;
				CLANG_WARN_BOOL_CONVERSION = YES;
				CLANG_WARN_COMMA = YES;
				CLANG_WARN_CONSTANT_CONVERSION = YES;
				CLANG_WARN_DEPRECATED_OBJC_IMPLEMENTATIONS = YES;
				CLANG_WARN_DIRECT_OBJC_ISA_USAGE = YES_ERROR;
				CLANG_WARN_DOCUMENTATION_COMMENTS = YES;
				CLANG_WARN_EMPTY_BODY = YES;
				CLANG_WARN_ENUM_CONVERSION = YES;
				CLANG_WARN_INFINITE_RECURSION = YES;
				CLANG_WARN_INT_CONVERSION = YES;
				CLANG_WARN_NON_LITERAL_NULL_CONVERSION = YES;
				CLANG_WARN_OBJC_IMPLICIT_RETAIN_SELF = YES;
				CLANG_WARN_OBJC_LITERAL_CONVERSION = YES;
				CLANG_WARN_OBJC_ROOT_CLASS = YES_ERROR;
				CLANG_WARN_QUOTED_INCLUDE_IN_FRAMEWORK_HEADER = YES;
				CLANG_WARN_RANGE_LOOP_ANALYSIS = YES;
				CLANG_WARN_STRICT_PROTOTYPES = YES;
				CLANG_WARN_SUSPICIOUS_MOVE = YES;
				CLANG_WARN_UNGUARDED_AVAILABILITY = YES_AGGRESSIVE;
				CLANG_WARN_UNREACHABLE_CODE = YES;
				CLANG_WARN__DUPLICATE_METHOD_MATCH = YES;
				COPY_PHASE_STRIP = NO;
				DEBUG_INFORMATION_FORMAT = dwarf;
				ENABLE_STRICT_OBJC_MSGSEND = YES;
				ENABLE_TESTABILITY = YES;
				GCC_C_LANGUAGE_STANDARD = gnu11;
				GCC_DYNAMIC_NO_PIC = NO;
				GCC_NO_COMMON_BLOCKS = YES;
				GCC_OPTIMIZATION_LEVEL = 0;
				GCC_PREPROCESSOR_DEFINITIONS = (
					"DEBUG=1",
					"$(inherited)",
				);
				GCC_WARN_64_TO_32_BIT_CONVERSION = YES;
				GCC_WARN_ABOUT_RETURN_TYPE = YES_ERROR;
				GCC_WARN_UNDECLARED_SELECTOR = YES;
				GCC_WARN_UNINITIALIZED_AUTOS = YES_AGGRESSIVE;
				GCC_WARN_UNUSED_FUNCTION = YES;
				GCC_WARN_UNUSED_VARIABLE = YES;
				IPHONEOS_DEPLOYMENT_TARGET = 16.0;
				MTL_ENABLE_DEBUG_INFO = INCLUDE_SOURCE;
				MTL_FAST_MATH = YES;
				ONLY_ACTIVE_ARCH = YES;
				SDKROOT = iphoneos;
				SWIFT_ACTIVE_COMPILATION_CONDITIONS = DEBUG;
				SWIFT_OPTIMIZATION_LEVEL = "-Onone";
			};
			name = Debug;
		};
		9EDD454129040C7D00F484F2 /* Release */ = {
			isa = XCBuildConfiguration;
			buildSettings = {
				ALWAYS_SEARCH_USER_PATHS = NO;
				CLANG_ANALYZER_NONNULL = YES;
				CLANG_ANALYZER_NUMBER_OBJECT_CONVERSION = YES_AGGRESSIVE;
				CLANG_CXX_LANGUAGE_STANDARD = "gnu++20";
				CLANG_ENABLE_MODULES = YES;
				CLANG_ENABLE_OBJC_ARC = YES;
				CLANG_ENABLE_OBJC_WEAK = YES;
				CLANG_WARN_BLOCK_CAPTURE_AUTORELEASING = YES;
				CLANG_WARN_BOOL_CONVERSION = YES;
				CLANG_WARN_COMMA = YES;
				CLANG_WARN_CONSTANT_CONVERSION = YES;
				CLANG_WARN_DEPRECATED_OBJC_IMPLEMENTATIONS = YES;
				CLANG_WARN_DIRECT_OBJC_ISA_USAGE = YES_ERROR;
				CLANG_WARN_DOCUMENTATION_COMMENTS = YES;
				CLANG_WARN_EMPTY_BODY = YES;
				CLANG_WARN_ENUM_CONVERSION = YES;
				CLANG_WARN_INFINITE_RECURSION = YES;
				CLANG_WARN_INT_CONVERSION = YES;
				CLANG_WARN_NON_LITERAL_NULL_CONVERSION = YES;
				CLANG_WARN_OBJC_IMPLICIT_RETAIN_SELF = YES;
				CLANG_WARN_OBJC_LITERAL_CONVERSION = YES;
				CLANG_WARN_OBJC_ROOT_CLASS = YES_ERROR;
				CLANG_WARN_QUOTED_INCLUDE_IN_FRAMEWORK_HEADER = YES;
				CLANG_WARN_RANGE_LOOP_ANALYSIS = YES;
				CLANG_WARN_STRICT_PROTOTYPES = YES;
				CLANG_WARN_SUSPICIOUS_MOVE = YES;
				CLANG_WARN_UNGUARDED_AVAILABILITY = YES_AGGRESSIVE;
				CLANG_WARN_UNREACHABLE_CODE = YES;
				CLANG_WARN__DUPLICATE_METHOD_MATCH = YES;
				COPY_PHASE_STRIP = NO;
				DEBUG_INFORMATION_FORMAT = "dwarf-with-dsym";
				ENABLE_NS_ASSERTIONS = NO;
				ENABLE_STRICT_OBJC_MSGSEND = YES;
				GCC_C_LANGUAGE_STANDARD = gnu11;
				GCC_NO_COMMON_BLOCKS = YES;
				GCC_WARN_64_TO_32_BIT_CONVERSION = YES;
				GCC_WARN_ABOUT_RETURN_TYPE = YES_ERROR;
				GCC_WARN_UNDECLARED_SELECTOR = YES;
				GCC_WARN_UNINITIALIZED_AUTOS = YES_AGGRESSIVE;
				GCC_WARN_UNUSED_FUNCTION = YES;
				GCC_WARN_UNUSED_VARIABLE = YES;
				IPHONEOS_DEPLOYMENT_TARGET = 16.0;
				MTL_ENABLE_DEBUG_INFO = NO;
				MTL_FAST_MATH = YES;
				SDKROOT = iphoneos;
				SWIFT_COMPILATION_MODE = wholemodule;
				SWIFT_OPTIMIZATION_LEVEL = "-O";
				VALIDATE_PRODUCT = YES;
			};
			name = Release;
		};
		9EDD454329040C7D00F484F2 /* Debug */ = {
			isa = XCBuildConfiguration;
			buildSettings = {
				ASSETCATALOG_COMPILER_APPICON_NAME = AppIcon;
				ASSETCATALOG_COMPILER_GLOBAL_ACCENT_COLOR_NAME = AccentColor;
				CODE_SIGN_STYLE = Automatic;
				CURRENT_PROJECT_VERSION = 1;
				DEVELOPMENT_TEAM = FCFSS7G4V8;
				GENERATE_INFOPLIST_FILE = YES;
				INFOPLIST_FILE = FaceLock/Info.plist;
				INFOPLIST_KEY_LSApplicationCategoryType = "";
				INFOPLIST_KEY_NSFaceIDUsageDescription = "Please allow to continue with face ID.";
				INFOPLIST_KEY_UIApplicationSupportsIndirectInputEvents = YES;
				INFOPLIST_KEY_UILaunchStoryboardName = LaunchScreen;
				INFOPLIST_KEY_UIMainStoryboardFile = Main;
				INFOPLIST_KEY_UISupportedInterfaceOrientations_iPad = "UIInterfaceOrientationPortrait UIInterfaceOrientationPortraitUpsideDown UIInterfaceOrientationLandscapeLeft UIInterfaceOrientationLandscapeRight";
				INFOPLIST_KEY_UISupportedInterfaceOrientations_iPhone = "UIInterfaceOrientationPortrait UIInterfaceOrientationLandscapeLeft UIInterfaceOrientationLandscapeRight";
				LD_RUNPATH_SEARCH_PATHS = (
					"$(inherited)",
					"@executable_path/Frameworks",
				);
				MARKETING_VERSION = 1.0;
				PRODUCT_BUNDLE_IDENTIFIER = acemoney.FaceLock;
				PRODUCT_NAME = "$(TARGET_NAME)";
				SWIFT_EMIT_LOC_STRINGS = YES;
				SWIFT_VERSION = 5.0;
				TARGETED_DEVICE_FAMILY = "1,2";
			};
			name = Debug;
		};
		9EDD454429040C7D00F484F2 /* Release */ = {
			isa = XCBuildConfiguration;
			buildSettings = {
				ASSETCATALOG_COMPILER_APPICON_NAME = AppIcon;
				ASSETCATALOG_COMPILER_GLOBAL_ACCENT_COLOR_NAME = AccentColor;
				CODE_SIGN_STYLE = Automatic;
				CURRENT_PROJECT_VERSION = 1;
				DEVELOPMENT_TEAM = FCFSS7G4V8;
				GENERATE_INFOPLIST_FILE = YES;
				INFOPLIST_FILE = FaceLock/Info.plist;
				INFOPLIST_KEY_LSApplicationCategoryType = "";
				INFOPLIST_KEY_NSFaceIDUsageDescription = "Please allow to continue with face ID.";
				INFOPLIST_KEY_UIApplicationSupportsIndirectInputEvents = YES;
				INFOPLIST_KEY_UILaunchStoryboardName = LaunchScreen;
				INFOPLIST_KEY_UIMainStoryboardFile = Main;
				INFOPLIST_KEY_UISupportedInterfaceOrientations_iPad = "UIInterfaceOrientationPortrait UIInterfaceOrientationPortraitUpsideDown UIInterfaceOrientationLandscapeLeft UIInterfaceOrientationLandscapeRight";
				INFOPLIST_KEY_UISupportedInterfaceOrientations_iPhone = "UIInterfaceOrientationPortrait UIInterfaceOrientationLandscapeLeft UIInterfaceOrientationLandscapeRight";
				LD_RUNPATH_SEARCH_PATHS = (
					"$(inherited)",
					"@executable_path/Frameworks",
				);
				MARKETING_VERSION = 1.0;
				PRODUCT_BUNDLE_IDENTIFIER = acemoney.FaceLock;
				PRODUCT_NAME = "$(TARGET_NAME)";
				SWIFT_EMIT_LOC_STRINGS = YES;
				SWIFT_VERSION = 5.0;
				TARGETED_DEVICE_FAMILY = "1,2";
			};
			name = Release;
		};
		9EDD454629040C7D00F484F2 /* Debug */ = {
			isa = XCBuildConfiguration;
			buildSettings = {
				ALWAYS_EMBED_SWIFT_STANDARD_LIBRARIES = YES;
				BUNDLE_LOADER = "$(TEST_HOST)";
				CODE_SIGN_STYLE = Automatic;
				CURRENT_PROJECT_VERSION = 1;
				GENERATE_INFOPLIST_FILE = YES;
				IPHONEOS_DEPLOYMENT_TARGET = 16.0;
				MARKETING_VERSION = 1.0;
				PRODUCT_BUNDLE_IDENTIFIER = acemoney.FaceLockTests;
				PRODUCT_NAME = "$(TARGET_NAME)";
				SWIFT_EMIT_LOC_STRINGS = NO;
				SWIFT_VERSION = 5.0;
				TARGETED_DEVICE_FAMILY = "1,2";
				TEST_HOST = "$(BUILT_PRODUCTS_DIR)/FaceLock.app/$(BUNDLE_EXECUTABLE_FOLDER_PATH)/FaceLock";
			};
			name = Debug;
		};
		9EDD454729040C7D00F484F2 /* Release */ = {
			isa = XCBuildConfiguration;
			buildSettings = {
				ALWAYS_EMBED_SWIFT_STANDARD_LIBRARIES = YES;
				BUNDLE_LOADER = "$(TEST_HOST)";
				CODE_SIGN_STYLE = Automatic;
				CURRENT_PROJECT_VERSION = 1;
				GENERATE_INFOPLIST_FILE = YES;
				IPHONEOS_DEPLOYMENT_TARGET = 16.0;
				MARKETING_VERSION = 1.0;
				PRODUCT_BUNDLE_IDENTIFIER = acemoney.FaceLockTests;
				PRODUCT_NAME = "$(TARGET_NAME)";
				SWIFT_EMIT_LOC_STRINGS = NO;
				SWIFT_VERSION = 5.0;
				TARGETED_DEVICE_FAMILY = "1,2";
				TEST_HOST = "$(BUILT_PRODUCTS_DIR)/FaceLock.app/$(BUNDLE_EXECUTABLE_FOLDER_PATH)/FaceLock";
			};
			name = Release;
		};
		9EDD454929040C7D00F484F2 /* Debug */ = {
			isa = XCBuildConfiguration;
			buildSettings = {
				ALWAYS_EMBED_SWIFT_STANDARD_LIBRARIES = YES;
				CODE_SIGN_STYLE = Automatic;
				CURRENT_PROJECT_VERSION = 1;
				GENERATE_INFOPLIST_FILE = YES;
				MARKETING_VERSION = 1.0;
				PRODUCT_BUNDLE_IDENTIFIER = acemoney.FaceLockUITests;
				PRODUCT_NAME = "$(TARGET_NAME)";
				SWIFT_EMIT_LOC_STRINGS = NO;
				SWIFT_VERSION = 5.0;
				TARGETED_DEVICE_FAMILY = "1,2";
				TEST_TARGET_NAME = FaceLock;
			};
			name = Debug;
		};
		9EDD454A29040C7D00F484F2 /* Release */ = {
			isa = XCBuildConfiguration;
			buildSettings = {
				ALWAYS_EMBED_SWIFT_STANDARD_LIBRARIES = YES;
				CODE_SIGN_STYLE = Automatic;
				CURRENT_PROJECT_VERSION = 1;
				GENERATE_INFOPLIST_FILE = YES;
				MARKETING_VERSION = 1.0;
				PRODUCT_BUNDLE_IDENTIFIER = acemoney.FaceLockUITests;
				PRODUCT_NAME = "$(TARGET_NAME)";
				SWIFT_EMIT_LOC_STRINGS = NO;
				SWIFT_VERSION = 5.0;
				TARGETED_DEVICE_FAMILY = "1,2";
				TEST_TARGET_NAME = FaceLock;
			};
			name = Release;
		};
/* End XCBuildConfiguration section */

/* Begin XCConfigurationList section */
		9EDD451329040C7A00F484F2 /* Build configuration list for PBXProject "FaceLock" */ = {
			isa = XCConfigurationList;
			buildConfigurations = (
				9EDD454029040C7D00F484F2 /* Debug */,
				9EDD454129040C7D00F484F2 /* Release */,
			);
			defaultConfigurationIsVisible = 0;
			defaultConfigurationName = Release;
		};
		9EDD454229040C7D00F484F2 /* Build configuration list for PBXNativeTarget "FaceLock" */ = {
			isa = XCConfigurationList;
			buildConfigurations = (
				9EDD454329040C7D00F484F2 /* Debug */,
				9EDD454429040C7D00F484F2 /* Release */,
			);
			defaultConfigurationIsVisible = 0;
			defaultConfigurationName = Release;
		};
		9EDD454529040C7D00F484F2 /* Build configuration list for PBXNativeTarget "FaceLockTests" */ = {
			isa = XCConfigurationList;
			buildConfigurations = (
				9EDD454629040C7D00F484F2 /* Debug */,
				9EDD454729040C7D00F484F2 /* Release */,
			);
			defaultConfigurationIsVisible = 0;
			defaultConfigurationName = Release;
		};
		9EDD454829040C7D00F484F2 /* Build configuration list for PBXNativeTarget "FaceLockUITests" */ = {
			isa = XCConfigurationList;
			buildConfigurations = (
				9EDD454929040C7D00F484F2 /* Debug */,
				9EDD454A29040C7D00F484F2 /* Release */,
			);
			defaultConfigurationIsVisible = 0;
			defaultConfigurationName = Release;
		};
/* End XCConfigurationList section */
	};
	rootObject = 9EDD451029040C7A00F484F2 /* Project object */;
}
